
Microsoft Visual Studio Solution File, Format Version 12.00
# Visual Studio Version 16
VisualStudioVersion = 16.0.29709.97
MinimumVisualStudioVersion = 10.0.40219.1
Project("{FAE04EC0-301F-11D3-BF4B-00C04F79EFBC}") = "TinyCrm", "TinyCrm.csproj", "{21D1FAC5-6E2F-44B9-82BE-99A84BB9F7F0}"
EndProject
Global
	GlobalSection(SolutionConfigurationPlatforms) = preSolution
		Debug|Any CPU = Debug|Any CPU
		Release|Any CPU = Release|Any CPU
	EndGlobalSection
	GlobalSection(ProjectConfigurationPlatforms) = postSolution
		{21D1FAC5-6E2F-44B9-82BE-99A84BB9F7F0}.Debug|Any CPU.ActiveCfg = Debug|Any CPU
		{21D1FAC5-6E2F-44B9-82BE-99A84BB9F7F0}.Debug|Any CPU.Build.0 = Debug|Any CPU
		{21D1FAC5-6E2F-44B9-82BE-99A84BB9F7F0}.Release|Any CPU.ActiveCfg = Release|Any CPU
		{21D1FAC5-6E2F-44B9-82BE-99A84BB9F7F0}.Release|Any CPU.Build.0 = Release|Any CPU
	EndGlobalSection
	GlobalSection(SolutionProperties) = preSolution
		HideSolutionNode = FALSE
	EndGlobalSection
	GlobalSection(ExtensibilityGlobals) = postSolution
		SolutionGuid = {590B0A1B-A934-44D8-B15C-CA36BC4B098E}
	EndGlobalSection
EndGlobal
